lockfileVersion: '9.0'

settings:
  autoInstallPeers: true
  excludeLinksFromLockfile: false

importers:

  .:
    dependencies:
      vanilla-cookieconsent:
        specifier: ^3.1.0
        version: 3.1.0

packages:

  vanilla-cookieconsent@3.1.0:
    resolution: {integrity: sha512-/McNRtm/3IXzb9dhqMIcbquoU45SzbN2VB+To4jxEPqMmp7uVniP6BhGLjU8MC7ZCDsNQVOp27fhQTM/ruIXAA==}

snapshots:

  vanilla-cookieconsent@3.1.0: {}
